
Microsoft Visual Studio Solution File, Format Version 12.00
# Visual Studio 2012
Project("{FAE04EC0-301F-11D3-BF4B-00C04F79EFBC}") = "ViewPagerForms.iOS", "ViewPagerForms.iOS\ViewPagerForms.iOS.csproj", "{C919E6CC-C6E3-4D51-B77F-5501CD9F775B}"
EndProject
Project("{FAE04EC0-301F-11D3-BF4B-00C04F79EFBC}") = "ViewPagerForms.Android", "ViewPagerForms.Android\ViewPagerForms.Android.csproj", "{2179032B-4892-41DA-81F3-03DBEC75B587}"
EndProject
Project("{5DD5E4FA-CB73-4610-85AB-557B54E96AA9}") = "ViewPagerForms.NuGet", "ViewPagerForms.NuGet\ViewPagerForms.NuGet.nuproj", "{7C86137C-F506-4D02-8373-A826909B4BFA}"
EndProject
Project("{FAE04EC0-301F-11D3-BF4B-00C04F79EFBC}") = "ViewPagerForms.Forms", "ViewPagerForms.Forms\ViewPagerForms.Forms.csproj", "{FFFB4781-EF3B-4A77-991B-A41A7852E8E1}"
EndProject
Project("{2150E333-8FDC-42A3-9474-1A3956D46DE8}") = "Demo", "Demo", "{C5F99A4D-38FF-49FA-A44E-D323DA8BCF33}"
EndProject
Project("{FAE04EC0-301F-11D3-BF4B-00C04F79EFBC}") = "ViewPagerDemo", "Demo\ViewPagerDemo\ViewPagerDemo.csproj", "{5089292C-989A-43B1-8ABA-A771AF98D91A}"
EndProject
Project("{FAE04EC0-301F-11D3-BF4B-00C04F79EFBC}") = "ViewPagerDemo.iOS", "Demo\iOS\ViewPagerDemo.iOS.csproj", "{B1375FCF-DBB4-4D07-AA62-4C3CE37E9F31}"
EndProject
Project("{FAE04EC0-301F-11D3-BF4B-00C04F79EFBC}") = "ViewPagerDemo.Droid", "Demo\Droid\ViewPagerDemo.Droid.csproj", "{17F6EC42-DA24-4E21-B820-D292463730DB}"
EndProject
Global
	GlobalSection(SolutionConfigurationPlatforms) = preSolution
		Debug|Any CPU = Debug|Any CPU
		Release|Any CPU = Release|Any CPU
		Debug|iPhoneSimulator = Debug|iPhoneSimulator
		Release|iPhone = Release|iPhone
		Release|iPhoneSimulator = Release|iPhoneSimulator
		Debug|iPhone = Debug|iPhone
	EndGlobalSection
	GlobalSection(ProjectConfigurationPlatforms) = postSolution
		{C919E6CC-C6E3-4D51-B77F-5501CD9F775B}.Debug|Any CPU.ActiveCfg = Debug|Any CPU
		{C919E6CC-C6E3-4D51-B77F-5501CD9F775B}.Debug|Any CPU.Build.0 = Debug|Any CPU
		{C919E6CC-C6E3-4D51-B77F-5501CD9F775B}.Release|Any CPU.ActiveCfg = Release|Any CPU
		{C919E6CC-C6E3-4D51-B77F-5501CD9F775B}.Release|Any CPU.Build.0 = Release|Any CPU
		{C919E6CC-C6E3-4D51-B77F-5501CD9F775B}.Debug|iPhoneSimulator.ActiveCfg = Debug|Any CPU
		{C919E6CC-C6E3-4D51-B77F-5501CD9F775B}.Debug|iPhoneSimulator.Build.0 = Debug|Any CPU
		{C919E6CC-C6E3-4D51-B77F-5501CD9F775B}.Release|iPhone.ActiveCfg = Release|Any CPU
		{C919E6CC-C6E3-4D51-B77F-5501CD9F775B}.Release|iPhone.Build.0 = Release|Any CPU
		{C919E6CC-C6E3-4D51-B77F-5501CD9F775B}.Release|iPhoneSimulator.ActiveCfg = Release|Any CPU
		{C919E6CC-C6E3-4D51-B77F-5501CD9F775B}.Release|iPhoneSimulator.Build.0 = Release|Any CPU
		{C919E6CC-C6E3-4D51-B77F-5501CD9F775B}.Debug|iPhone.ActiveCfg = Debug|Any CPU
		{C919E6CC-C6E3-4D51-B77F-5501CD9F775B}.Debug|iPhone.Build.0 = Debug|Any CPU
		{2179032B-4892-41DA-81F3-03DBEC75B587}.Debug|Any CPU.ActiveCfg = Debug|Any CPU
		{2179032B-4892-41DA-81F3-03DBEC75B587}.Debug|Any CPU.Build.0 = Debug|Any CPU
		{2179032B-4892-41DA-81F3-03DBEC75B587}.Release|Any CPU.ActiveCfg = Release|Any CPU
		{2179032B-4892-41DA-81F3-03DBEC75B587}.Release|Any CPU.Build.0 = Release|Any CPU
		{2179032B-4892-41DA-81F3-03DBEC75B587}.Debug|iPhoneSimulator.ActiveCfg = Debug|Any CPU
		{2179032B-4892-41DA-81F3-03DBEC75B587}.Debug|iPhoneSimulator.Build.0 = Debug|Any CPU
		{2179032B-4892-41DA-81F3-03DBEC75B587}.Release|iPhone.ActiveCfg = Release|Any CPU
		{2179032B-4892-41DA-81F3-03DBEC75B587}.Release|iPhone.Build.0 = Release|Any CPU
		{2179032B-4892-41DA-81F3-03DBEC75B587}.Release|iPhoneSimulator.ActiveCfg = Release|Any CPU
		{2179032B-4892-41DA-81F3-03DBEC75B587}.Release|iPhoneSimulator.Build.0 = Release|Any CPU
		{2179032B-4892-41DA-81F3-03DBEC75B587}.Debug|iPhone.ActiveCfg = Debug|Any CPU
		{2179032B-4892-41DA-81F3-03DBEC75B587}.Debug|iPhone.Build.0 = Debug|Any CPU
		{7C86137C-F506-4D02-8373-A826909B4BFA}.Debug|Any CPU.ActiveCfg = Debug|Any CPU
		{7C86137C-F506-4D02-8373-A826909B4BFA}.Debug|Any CPU.Build.0 = Debug|Any CPU
		{7C86137C-F506-4D02-8373-A826909B4BFA}.Release|Any CPU.ActiveCfg = Release|Any CPU
		{7C86137C-F506-4D02-8373-A826909B4BFA}.Release|Any CPU.Build.0 = Release|Any CPU
		{7C86137C-F506-4D02-8373-A826909B4BFA}.Debug|iPhoneSimulator.ActiveCfg = Debug|Any CPU
		{7C86137C-F506-4D02-8373-A826909B4BFA}.Debug|iPhoneSimulator.Build.0 = Debug|Any CPU
		{7C86137C-F506-4D02-8373-A826909B4BFA}.Release|iPhone.ActiveCfg = Release|Any CPU
		{7C86137C-F506-4D02-8373-A826909B4BFA}.Release|iPhone.Build.0 = Release|Any CPU
		{7C86137C-F506-4D02-8373-A826909B4BFA}.Release|iPhoneSimulator.ActiveCfg = Release|Any CPU
		{7C86137C-F506-4D02-8373-A826909B4BFA}.Release|iPhoneSimulator.Build.0 = Release|Any CPU
		{7C86137C-F506-4D02-8373-A826909B4BFA}.Debug|iPhone.ActiveCfg = Debug|Any CPU
		{7C86137C-F506-4D02-8373-A826909B4BFA}.Debug|iPhone.Build.0 = Debug|Any CPU
		{FFFB4781-EF3B-4A77-991B-A41A7852E8E1}.Debug|Any CPU.ActiveCfg = Debug|Any CPU
		{FFFB4781-EF3B-4A77-991B-A41A7852E8E1}.Debug|Any CPU.Build.0 = Debug|Any CPU
		{FFFB4781-EF3B-4A77-991B-A41A7852E8E1}.Release|Any CPU.ActiveCfg = Release|Any CPU
		{FFFB4781-EF3B-4A77-991B-A41A7852E8E1}.Release|Any CPU.Build.0 = Release|Any CPU
		{FFFB4781-EF3B-4A77-991B-A41A7852E8E1}.Debug|iPhoneSimulator.ActiveCfg = Debug|Any CPU
		{FFFB4781-EF3B-4A77-991B-A41A7852E8E1}.Debug|iPhoneSimulator.Build.0 = Debug|Any CPU
		{FFFB4781-EF3B-4A77-991B-A41A7852E8E1}.Release|iPhone.ActiveCfg = Release|Any CPU
		{FFFB4781-EF3B-4A77-991B-A41A7852E8E1}.Release|iPhone.Build.0 = Release|Any CPU
		{FFFB4781-EF3B-4A77-991B-A41A7852E8E1}.Release|iPhoneSimulator.ActiveCfg = Release|Any CPU
		{FFFB4781-EF3B-4A77-991B-A41A7852E8E1}.Release|iPhoneSimulator.Build.0 = Release|Any CPU
		{FFFB4781-EF3B-4A77-991B-A41A7852E8E1}.Debug|iPhone.ActiveCfg = Debug|Any CPU
		{FFFB4781-EF3B-4A77-991B-A41A7852E8E1}.Debug|iPhone.Build.0 = Debug|Any CPU
		{5089292C-989A-43B1-8ABA-A771AF98D91A}.Debug|Any CPU.ActiveCfg = Debug|Any CPU
		{5089292C-989A-43B1-8ABA-A771AF98D91A}.Debug|Any CPU.Build.0 = Debug|Any CPU
		{5089292C-989A-43B1-8ABA-A771AF98D91A}.Release|Any CPU.ActiveCfg = Release|Any CPU
		{5089292C-989A-43B1-8ABA-A771AF98D91A}.Release|Any CPU.Build.0 = Release|Any CPU
		{5089292C-989A-43B1-8ABA-A771AF98D91A}.Debug|iPhoneSimulator.ActiveCfg = Debug|Any CPU
		{5089292C-989A-43B1-8ABA-A771AF98D91A}.Debug|iPhoneSimulator.Build.0 = Debug|Any CPU
		{5089292C-989A-43B1-8ABA-A771AF98D91A}.Release|iPhone.ActiveCfg = Release|Any CPU
		{5089292C-989A-43B1-8ABA-A771AF98D91A}.Release|iPhone.Build.0 = Release|Any CPU
		{5089292C-989A-43B1-8ABA-A771AF98D91A}.Release|iPhoneSimulator.ActiveCfg = Release|Any CPU
		{5089292C-989A-43B1-8ABA-A771AF98D91A}.Release|iPhoneSimulator.Build.0 = Release|Any CPU
		{5089292C-989A-43B1-8ABA-A771AF98D91A}.Debug|iPhone.ActiveCfg = Debug|Any CPU
		{5089292C-989A-43B1-8ABA-A771AF98D91A}.Debug|iPhone.Build.0 = Debug|Any CPU
		{B1375FCF-DBB4-4D07-AA62-4C3CE37E9F31}.Debug|Any CPU.ActiveCfg = Debug|iPhoneSimulator
		{B1375FCF-DBB4-4D07-AA62-4C3CE37E9F31}.Debug|Any CPU.Build.0 = Debug|iPhoneSimulator
		{B1375FCF-DBB4-4D07-AA62-4C3CE37E9F31}.Release|Any CPU.ActiveCfg = Release|iPhone
		{B1375FCF-DBB4-4D07-AA62-4C3CE37E9F31}.Release|Any CPU.Build.0 = Release|iPhone
		{B1375FCF-DBB4-4D07-AA62-4C3CE37E9F31}.Debug|iPhoneSimulator.ActiveCfg = Debug|iPhoneSimulator
		{B1375FCF-DBB4-4D07-AA62-4C3CE37E9F31}.Debug|iPhoneSimulator.Build.0 = Debug|iPhoneSimulator
		{B1375FCF-DBB4-4D07-AA62-4C3CE37E9F31}.Release|iPhone.ActiveCfg = Release|iPhone
		{B1375FCF-DBB4-4D07-AA62-4C3CE37E9F31}.Release|iPhone.Build.0 = Release|iPhone
		{B1375FCF-DBB4-4D07-AA62-4C3CE37E9F31}.Release|iPhoneSimulator.ActiveCfg = Release|iPhoneSimulator
		{B1375FCF-DBB4-4D07-AA62-4C3CE37E9F31}.Release|iPhoneSimulator.Build.0 = Release|iPhoneSimulator
		{B1375FCF-DBB4-4D07-AA62-4C3CE37E9F31}.Debug|iPhone.ActiveCfg = Debug|iPhone
		{B1375FCF-DBB4-4D07-AA62-4C3CE37E9F31}.Debug|iPhone.Build.0 = Debug|iPhone
		{17F6EC42-DA24-4E21-B820-D292463730DB}.Debug|Any CPU.ActiveCfg = Debug|Any CPU
		{17F6EC42-DA24-4E21-B820-D292463730DB}.Debug|Any CPU.Build.0 = Debug|Any CPU
		{17F6EC42-DA24-4E21-B820-D292463730DB}.Release|Any CPU.ActiveCfg = Release|Any CPU
		{17F6EC42-DA24-4E21-B820-D292463730DB}.Release|Any CPU.Build.0 = Release|Any CPU
		{17F6EC42-DA24-4E21-B820-D292463730DB}.Debug|iPhoneSimulator.ActiveCfg = Debug|Any CPU
		{17F6EC42-DA24-4E21-B820-D292463730DB}.Debug|iPhoneSimulator.Build.0 = Debug|Any CPU
		{17F6EC42-DA24-4E21-B820-D292463730DB}.Release|iPhone.ActiveCfg = Release|Any CPU
		{17F6EC42-DA24-4E21-B820-D292463730DB}.Release|iPhone.Build.0 = Release|Any CPU
		{17F6EC42-DA24-4E21-B820-D292463730DB}.Release|iPhoneSimulator.ActiveCfg = Release|Any CPU
		{17F6EC42-DA24-4E21-B820-D292463730DB}.Release|iPhoneSimulator.Build.0 = Release|Any CPU
		{17F6EC42-DA24-4E21-B820-D292463730DB}.Debug|iPhone.ActiveCfg = Debug|Any CPU
		{17F6EC42-DA24-4E21-B820-D292463730DB}.Debug|iPhone.Build.0 = Debug|Any CPU
	EndGlobalSection
	GlobalSection(NestedProjects) = preSolution
		{5089292C-989A-43B1-8ABA-A771AF98D91A} = {C5F99A4D-38FF-49FA-A44E-D323DA8BCF33}
		{B1375FCF-DBB4-4D07-AA62-4C3CE37E9F31} = {C5F99A4D-38FF-49FA-A44E-D323DA8BCF33}
		{17F6EC42-DA24-4E21-B820-D292463730DB} = {C5F99A4D-38FF-49FA-A44E-D323DA8BCF33}
	EndGlobalSection
EndGlobal
